// !$*UTF8*$!
{
	archiveVersion = 1;
	classes = {
	};
	objectVersion = 77;
	objects = {

/* Begin PBXContainerItemProxy section */
		3063426B2FAAD1A100F8EAE4 /* PBXContainerItemProxy */ = {
			isa = PBXContainerItemProxy;
			containerPortal = 306342532FAAD1A000F8EAE4 /* Project object */;
			proxyType = 1;
			remoteGlobalIDString = 3063425A2FAAD1A000F8EAE4;
			remoteInfo = MusicTimelineApp;
		};
		306342752FAAD1A100F8EAE4 /* PBXContainerItemProxy */ = {
			isa = PBXContainerItemProxy;
			containerPortal = 306342532FAAD1A000F8EAE4 /* Project object */;
			proxyType = 1;
			remoteGlobalIDString = 3063425A2FAAD1A000F8EAE4;
			remoteInfo = MusicTimelineApp;
		};
/* End PBXContainerItemProxy section */

/* Begin PBXFileReference section */
		3063425B2FAAD1A000F8EAE4 /* MusicTimelineApp.app */ = {isa = PBXFileReference; explicitFileType = wrapper.application; includeInIndex = 0; path = MusicTimelineApp.app; sourceTree = BUILT_PRODUCTS_DIR; };
		3063426A2FAAD1A100F8EAE4 /* MusicTimelineAppTests.xctest */ = {isa = PBXFileReference; explicitFileType = wrapper.cfbundle; includeInIndex = 0; path = MusicTimelineAppTests.xctest; sourceTree = BUILT_PRODUCTS_DIR; };
		306342742FAAD1A100F8EAE4 /* MusicTimelineAppUITests.xctest */ = {isa = PBXFileReference; explicitFileType = wrapper.cfbundle; includeInIndex = 0; path = MusicTimelineAppUITests.xctest; sourceTree = BUILT_PRODUCTS_DIR; };
/* End PBXFileReference section */

/* Begin PBXFileSystemSynchronizedRootGroup section */
		3063425D2FAAD1A000F8EAE4 /* MusicTimelineApp */ = {
			isa = PBXFileSystemSynchronizedRootGroup;
			path = MusicTimelineApp;
			sourceTree = "<group>";
		};
		3063426D2FAAD1A100F8EAE4 /* MusicTimelineAppTests */ = {
			isa = PBXFileSystemSynchronizedRootGroup;
			path = MusicTimelineAppTests;
			sourceTree = "<group>";
		};
		306342772FAAD1A100F8EAE4 /* MusicTimelineAppUITests */ = {
			isa = PBXFileSystemSynchronizedRootGroup;
			path = MusicTimelineAppUITests;
			sourceTree = "<group>";
		};
/* End PBXFileSystemSynchronizedRootGroup section */

/* Begin PBXFrameworksBuildPhase section */
		306342582FAAD1A000F8EAE4 /* Frameworks */ = {
			isa = PBXFrameworksBuildPhase;
			buildActionMask = 2147483647;
			files = (
			);
			runOnlyForDeploymentPostprocessing = 0;
		};
		306342672FAAD1A100F8EAE4 /* Frameworks */ = {
			isa = PBXFrameworksBuildPhase;
			buildActionMask = 2147483647;
			files = (
			);
			runOnlyForDeploymentPostprocessing = 0;
		};
		306342712FAAD1A100F8EAE4 /* Frameworks */ = {
			isa = PBXFrameworksBuildPhase;
			buildActionMask = 2147483647;
			files = (
			);
			runOnlyForDeploymentPostprocessing = 0;
		};
/* End PBXFrameworksBuildPhase section */

/* Begin PBXGroup section */
		306342522FAAD1A000F8EAE4 = {
			isa = PBXGroup;
			children = (
				3063425D2FAAD1A000F8EAE4 /* MusicTimelineApp */,
				3063426D2FAAD1A100F8EAE4 /* MusicTimelineAppTests */,
				306342772FAAD1A100F8EAE4 /* MusicTimelineAppUITests */,
				3063425C2FAAD1A000F8EAE4 /* Products */,
				306342952FAB0B8F00F8EAE4 /* Features */,
				3063429C2FAB0B9A00F8EAE4 /* Support */,
			);
			sourceTree = "<group>";
		};
		3063425C2FAAD1A000F8EAE4 /* Products */ = {
			isa = PBXGroup;
			children = (
				3063425B2FAAD1A000F8EAE4 /* MusicTimelineApp.app */,
				3063426A2FAAD1A100F8EAE4 /* MusicTimelineAppTests.xctest */,
				306342742FAAD1A100F8EAE4 /* MusicTimelineAppUITests.xctest */,
			);
			name = Products;
			sourceTree = "<group>";
		};
		306342952FAB0B8F00F8EAE4 /* Features */ = {
			isa = PBXGroup;
			children = (
				306342962FAB0B9A00F8EAE4 /* Timeline */,
				306342972FAB0B9A00F8EAE4 /* Search */,
				306342982FAB0B9A00F8EAE4 /* Likes */,
				306342992FAB0B9A00F8EAE4 /* Compose */,
				3063429A2FAB0B9A00F8EAE4 /* Account */,
				3063429B2FAB0B9A00F8EAE4 /* Setup */,
			);
			path = Features;
			sourceTree = "<group>";
		};
		306342962FAB0B9A00F8EAE4 /* Timeline */ = {
			isa = PBXGroup;
			children = (
			);
			path = Timeline;
			sourceTree = "<group>";
		};
		306342972FAB0B9A00F8EAE4 /* Search */ = {
			isa = PBXGroup;
			children = (
			);
			path = Search;
			sourceTree = "<group>";
		};
		306342982FAB0B9A00F8EAE4 /* Likes */ = {
			isa = PBXGroup;
			children = (
			);
			path = Likes;
			sourceTree = "<group>";
		};
		306342992FAB0B9A00F8EAE4 /* Compose */ = {
			isa = PBXGroup;
			children = (
			);
			path = Compose;
			sourceTree = "<group>";
		};
		3063429A2FAB0B9A00F8EAE4 /* Account */ = {
			isa = PBXGroup;
			children = (
			);
			path = Account;
			sourceTree = "<group>";
		};
		3063429B2FAB0B9A00F8EAE4 /* Setup */ = {
			isa = PBXGroup;
			children = (
			);
			path = Setup;
			sourceTree = "<group>";
		};
		3063429C2FAB0B9A00F8EAE4 /* Support */ = {
			isa = PBXGroup;
			children = (
			);
			path = Support;
			sourceTree = "<group>";
		};
/* End PBXGroup section */

/* Begin PBXNativeTarget section */
		3063425A2FAAD1A000F8EAE4 /* MusicTimelineApp */ = {
			isa = PBXNativeTarget;
			buildConfigurationList = 3063427E2FAAD1A200F8EAE4 /* Build configuration list for PBXNativeTarget "MusicTimelineApp" */;
			buildPhases = (
				306342572FAAD1A000F8EAE4 /* Sources */,
				306342582FAAD1A000F8EAE4 /* Frameworks */,
				306342592FAAD1A000F8EAE4 /* Resources */,
			);
			buildRules = (
			);
			dependencies = (
			);
			fileSystemSynchronizedGroups = (
				3063425D2FAAD1A000F8EAE4 /* MusicTimelineApp */,
			);
			name = MusicTimelineApp;
			packageProductDependencies = (
			);
			productName = MusicTimelineApp;
			productReference = 3063425B2FAAD1A000F8EAE4 /* MusicTimelineApp.app */;
			productType = "com.apple.product-type.application";
		};
		306342692FAAD1A100F8EAE4 /* MusicTimelineAppTests */ = {
			isa = PBXNativeTarget;
			buildConfigurationList = 306342812FAAD1A200F8EAE4 /* Build configuration list for PBXNativeTarget "MusicTimelineAppTests" */;
			buildPhases = (
				306342662FAAD1A100F8EAE4 /* Sources */,
				306342672FAAD1A100F8EAE4 /* Frameworks */,
				306342682FAAD1A100F8EAE4 /* Resources */,
			);
			buildRules = (
			);
			dependencies = (
				3063426C2FAAD1A100F8EAE4 /* PBXTargetDependency */,
			);
			fileSystemSynchronizedGroups = (
				3063426D2FAAD1A100F8EAE4 /* MusicTimelineAppTests */,
			);
			name = MusicTimelineAppTests;
			packageProductDependencies = (
			);
			productName = MusicTimelineAppTests;
			productReference = 3063426A2FAAD1A100F8EAE4 /* MusicTimelineAppTests.xctest */;
			productType = "com.apple.product-type.bundle.unit-test";
		};
		306342732FAAD1A100F8EAE4 /* MusicTimelineAppUITests */ = {
			isa = PBXNativeTarget;
			buildConfigurationList = 306342842FAAD1A200F8EAE4 /* Build configuration list for PBXNativeTarget "MusicTimelineAppUITests" */;
			buildPhases = (
				306342702FAAD1A100F8EAE4 /* Sources */,
				306342712FAAD1A100F8EAE4 /* Frameworks */,
				306342722FAAD1A100F8EAE4 /* Resources */,
			);
			buildRules = (
			);
			dependencies = (
				306342762FAAD1A100F8EAE4 /* PBXTargetDependency */,
			);
			fileSystemSynchronizedGroups = (
				306342772FAAD1A100F8EAE4 /* MusicTimelineAppUITests */,
			);
			name = MusicTimelineAppUITests;
			packageProductDependencies = (
			);
			productName = MusicTimelineAppUITests;
			productReference = 306342742FAAD1A100F8EAE4 /* MusicTimelineAppUITests.xctest */;
			productType = "com.apple.product-type.bundle.ui-testing";
		};
/* End PBXNativeTarget section */

/* Begin PBXProject section */
		306342532FAAD1A000F8EAE4 /* Project object */ = {
			isa = PBXProject;
			attributes = {
				BuildIndependentTargetsInParallel = 1;
				LastSwiftUpdateCheck = 2640;
				LastUpgradeCheck = 2640;
				TargetAttributes = {
					3063425A2FAAD1A000F8EAE4 = {
						CreatedOnToolsVersion = 26.4.1;
					};
					306342692FAAD1A100F8EAE4 = {
						CreatedOnToolsVersion = 26.4.1;
						TestTargetID = 3063425A2FAAD1A000F8EAE4;
					};
					306342732FAAD1A100F8EAE4 = {
						CreatedOnToolsVersion = 26.4.1;
						TestTargetID = 3063425A2FAAD1A000F8EAE4;
					};
				};
			};
			buildConfigurationList = 306342562FAAD1A000F8EAE4 /* Build configuration list for PBXProject "MusicTimelineApp" */;
			developmentRegion = en;
			hasScannedForEncodings = 0;
			knownRegions = (
				en,
				Base,
			);
			mainGroup = 306342522FAAD1A000F8EAE4;
			minimizedProjectReferenceProxies = 1;
			preferredProjectObjectVersion = 77;
			productRefGroup = 3063425C2FAAD1A000F8EAE4 /* Products */;
			projectDirPath = "";
			projectRoot = "";
			targets = (
				3063425A2FAAD1A000F8EAE4 /* MusicTimelineApp */,
				306342692FAAD1A100F8EAE4 /* MusicTimelineAppTests */,
				306342732FAAD1A100F8EAE4 /* MusicTimelineAppUITests */,
			);
		};
/* End PBXProject section */

/* Begin PBXResourcesBuildPhase section */
		306342592FAAD1A000F8EAE4 /* Resources */ = {
			isa = PBXResourcesBuildPhase;
			buildActionMask = 2147483647;
			files = (
			);
			runOnlyForDeploymentPostprocessing = 0;
		};
		306342682FAAD1A100F8EAE4 /* Resources */ = {
			isa = PBXResourcesBuildPhase;
			buildActionMask = 2147483647;
			files = (
			);
			runOnlyForDeploymentPostprocessing = 0;
		};
		306342722FAAD1A100F8EAE4 /* Resources */ = {
			isa = PBXResourcesBuildPhase;
			buildActionMask = 2147483647;
			files = (
			);
			runOnlyForDeploymentPostprocessing = 0;
		};
/* End PBXResourcesBuildPhase section */

/* Begin PBXSourcesBuildPhase section */
		306342572FAAD1A000F8EAE4 /* Sources */ = {
			isa = PBXSourcesBuildPhase;
			buildActionMask = 2147483647;
			files = (
			);
			runOnlyForDeploymentPostprocessing = 0;
		};
		306342662FAAD1A100F8EAE4 /* Sources */ = {
			isa = PBXSourcesBuildPhase;
			buildActionMask = 2147483647;
			files = (
			);
			runOnlyForDeploymentPostprocessing = 0;
		};
		306342702FAAD1A100F8EAE4 /* Sources */ = {
			isa = PBXSourcesBuildPhase;
			buildActionMask = 2147483647;
			files = (
			);
			runOnlyForDeploymentPostprocessing = 0;
		};
/* End PBXSourcesBuildPhase section */

/* Begin PBXTargetDependency section */
		3063426C2FAAD1A100F8EAE4 /* PBXTargetDependency */ = {
			isa = PBXTargetDependency;
			target = 3063425A2FAAD1A000F8EAE4 /* MusicTimelineApp */;
			targetProxy = 3063426B2FAAD1A100F8EAE4 /* PBXContainerItemProxy */;
		};
		306342762FAAD1A100F8EAE4 /* PBXTargetDependency */ = {
			isa = PBXTargetDependency;
			target = 3063425A2FAAD1A000F8EAE4 /* MusicTimelineApp */;
			targetProxy = 306342752FAAD1A100F8EAE4 /* PBXContainerItemProxy */;
		};
/* End PBXTargetDependency section */

/* Begin XCBuildConfiguration section */
		3063427C2FAAD1A200F8EAE4 /* Debug */ = {
			isa = XCBuildConfiguration;
			buildSettings = {
				ALWAYS_SEARCH_USER_PATHS = NO;
				ASSETCATALOG_COMPILER_GENERATE_SWIFT_ASSET_SYMBOL_EXTENSIONS = YES;
				CLANG_ANALYZER_NONNULL = YES;
				CLANG_ANALYZER_NUMBER_OBJECT_CONVERSION = YES_AGGRESSIVE;
				CLANG_CXX_LANGUAGE_STANDARD = "gnu++20";
				CLANG_ENABLE_MODULES = YES;
				CLANG_ENABLE_OBJC_ARC = YES;
				CLANG_ENABLE_OBJC_WEAK = YES;
				CLANG_WARN_BLOCK_CAPTURE_AUTORELEASING = YES;
				CLANG_WARN_BOOL_CONVERSION = YES;
				CLANG_WARN_COMMA = YES;
				CLANG_WARN_CONSTANT_CONVERSION = YES;
				CLANG_WARN_DEPRECATED_OBJC_IMPLEMENTATIONS = YES;
				CLANG_WARN_DIRECT_OBJC_ISA_USAGE = YES_ERROR;
				CLANG_WARN_DOCUMENTATION_COMMENTS = YES;
				CLANG_WARN_EMPTY_BODY = YES;
				CLANG_WARN_ENUM_CONVERSION = YES;
				CLANG_WARN_INFINITE_RECURSION = YES;
				CLANG_WARN_INT_CONVERSION = YES;
				CLANG_WARN_NON_LITERAL_NULL_CONVERSION = YES;
				CLANG_WARN_OBJC_IMPLICIT_RETAIN_SELF = YES;
				CLANG_WARN_OBJC_LITERAL_CONVERSION = YES;
				CLANG_WARN_OBJC_ROOT_CLASS = YES_ERROR;
				CLANG_WARN_QUOTED_INCLUDE_IN_FRAMEWORK_HEADER = YES;
				CLANG_WARN_RANGE_LOOP_ANALYSIS = YES;
				CLANG_WARN_STRICT_PROTOTYPES = YES;
				CLANG_WARN_SUSPICIOUS_MOVE = YES;
				CLANG_WARN_UNGUARDED_AVAILABILITY = YES_AGGRESSIVE;
				CLANG_WARN_UNREACHABLE_CODE = YES;
				CLANG_WARN__DUPLICATE_METHOD_MATCH = YES;
				COPY_PHASE_STRIP = NO;
				DEBUG_INFORMATION_FORMAT = dwarf;
				ENABLE_STRICT_OBJC_MSGSEND = YES;
				ENABLE_TESTABILITY = YES;
				ENABLE_USER_SCRIPT_SANDBOXING = YES;
				GCC_C_LANGUAGE_STANDARD = gnu17;
				GCC_DYNAMIC_NO_PIC = NO;
				GCC_NO_COMMON_BLOCKS = YES;
				GCC_OPTIMIZATION_LEVEL = 0;
				GCC_PREPROCESSOR_DEFINITIONS = (
					"DEBUG=1",
					"$(inherited)",
				);
				GCC_WARN_64_TO_32_BIT_CONVERSION = YES;
				GCC_WARN_ABOUT_RETURN_TYPE = YES_ERROR;
				GCC_WARN_UNDECLARED_SELECTOR = YES;
				GCC_WARN_UNINITIALIZED_AUTOS = YES_AGGRESSIVE;
				GCC_WARN_UNUSED_FUNCTION = YES;
				GCC_WARN_UNUSED_VARIABLE = YES;
				IPHONEOS_DEPLOYMENT_TARGET = 26.4;
				LOCALIZATION_PREFERS_STRING_CATALOGS = YES;
				MTL_ENABLE_DEBUG_INFO = INCLUDE_SOURCE;
				MTL_FAST_MATH = YES;
				ONLY_ACTIVE_ARCH = YES;
				SDKROOT = iphoneos;
				SWIFT_ACTIVE_COMPILATION_CONDITIONS = "DEBUG $(inherited)";
				SWIFT_OPTIMIZATION_LEVEL = "-Onone";
			};
			name = Debug;
		};
		3063427D2FAAD1A200F8EAE4 /* Release */ = {
			isa = XCBuildConfiguration;
			buildSettings = {
				ALWAYS_SEARCH_USER_PATHS = NO;
				ASSETCATALOG_COMPILER_GENERATE_SWIFT_ASSET_SYMBOL_EXTENSIONS = YES;
				CLANG_ANALYZER_NONNULL = YES;
				CLANG_ANALYZER_NUMBER_OBJECT_CONVERSION = YES_AGGRESSIVE;
				CLANG_CXX_LANGUAGE_STANDARD = "gnu++20";
				CLANG_ENABLE_MODULES = YES;
				CLANG_ENABLE_OBJC_ARC = YES;
				CLANG_ENABLE_OBJC_WEAK = YES;
				CLANG_WARN_BLOCK_CAPTURE_AUTORELEASING = YES;
				CLANG_WARN_BOOL_CONVERSION = YES;
				CLANG_WARN_COMMA = YES;
				CLANG_WARN_CONSTANT_CONVERSION = YES;
				CLANG_WARN_DEPRECATED_OBJC_IMPLEMENTATIONS = YES;
				CLANG_WARN_DIRECT_OBJC_ISA_USAGE = YES_ERROR;
				CLANG_WARN_DOCUMENTATION_COMMENTS = YES;
				CLANG_WARN_EMPTY_BODY = YES;
				CLANG_WARN_ENUM_CONVERSION = YES;
				CLANG_WARN_INFINITE_RECURSION = YES;
				CLANG_WARN_INT_CONVERSION = YES;
				CLANG_WARN_NON_LITERAL_NULL_CONVERSION = YES;
				CLANG_WARN_OBJC_IMPLICIT_RETAIN_SELF = YES;
				CLANG_WARN_OBJC_LITERAL_CONVERSION = YES;
				CLANG_WARN_OBJC_ROOT_CLASS = YES_ERROR;
				CLANG_WARN_QUOTED_INCLUDE_IN_FRAMEWORK_HEADER = YES;
				CLANG_WARN_RANGE_LOOP_ANALYSIS = YES;
				CLANG_WARN_STRICT_PROTOTYPES = YES;
				CLANG_WARN_SUSPICIOUS_MOVE = YES;
				CLANG_WARN_UNGUARDED_AVAILABILITY = YES_AGGRESSIVE;
				CLANG_WARN_UNREACHABLE_CODE = YES;
				CLANG_WARN__DUPLICATE_METHOD_MATCH = YES;
				COPY_PHASE_STRIP = NO;
				DEBUG_INFORMATION_FORMAT = "dwarf-with-dsym";
				ENABLE_NS_ASSERTIONS = NO;
				ENABLE_STRICT_OBJC_MSGSEND = YES;
				ENABLE_USER_SCRIPT_SANDBOXING = YES;
				GCC_C_LANGUAGE_STANDARD = gnu17;
				GCC_NO_COMMON_BLOCKS = YES;
				GCC_WARN_64_TO_32_BIT_CONVERSION = YES;
				GCC_WARN_ABOUT_RETURN_TYPE = YES_ERROR;
				GCC_WARN_UNDECLARED_SELECTOR = YES;
				GCC_WARN_UNINITIALIZED_AUTOS = YES_AGGRESSIVE;
				GCC_WARN_UNUSED_FUNCTION = YES;
				GCC_WARN_UNUSED_VARIABLE = YES;
				IPHONEOS_DEPLOYMENT_TARGET = 26.4;
				LOCALIZATION_PREFERS_STRING_CATALOGS = YES;
				MTL_ENABLE_DEBUG_INFO = NO;
				MTL_FAST_MATH = YES;
				SDKROOT = iphoneos;
				SWIFT_COMPILATION_MODE = wholemodule;
				VALIDATE_PRODUCT = YES;
			};
			name = Release;
		};
		3063427F2FAAD1A200F8EAE4 /* Debug */ = {
			isa = XCBuildConfiguration;
			buildSettings = {
				ASSETCATALOG_COMPILER_APPICON_NAME = AppIcon;
				ASSETCATALOG_COMPILER_GLOBAL_ACCENT_COLOR_NAME = AccentColor;
				CODE_SIGN_STYLE = Automatic;
				CURRENT_PROJECT_VERSION = 1;
				ENABLE_PREVIEWS = YES;
				GENERATE_INFOPLIST_FILE = YES;
				INFOPLIST_KEY_NSAppTransportSecurity = "{NSAllowsLocalNetworking=YES;}";
				INFOPLIST_KEY_UIApplicationSceneManifest_Generation = YES;
				INFOPLIST_KEY_UIApplicationSupportsIndirectInputEvents = YES;
				INFOPLIST_KEY_UILaunchScreen_Generation = YES;
				INFOPLIST_KEY_UISupportedInterfaceOrientations_iPad = "UIInterfaceOrientationPortrait UIInterfaceOrientationPortraitUpsideDown UIInterfaceOrientationLandscapeLeft UIInterfaceOrientationLandscapeRight";
				INFOPLIST_KEY_UISupportedInterfaceOrientations_iPhone = "UIInterfaceOrientationPortrait UIInterfaceOrientationLandscapeLeft UIInterfaceOrientationLandscapeRight";
				LD_RUNPATH_SEARCH_PATHS = (
					"$(inherited)",
					"@executable_path/Frameworks",
				);
				MARKETING_VERSION = 1.0;
				PRODUCT_BUNDLE_IDENTIFIER = a.MusicTimelineApp;
				PRODUCT_NAME = "$(TARGET_NAME)";
				STRING_CATALOG_GENERATE_SYMBOLS = YES;
				SUPPORTED_PLATFORMS = "iphoneos iphonesimulator";
				SWIFT_APPROACHABLE_CONCURRENCY = YES;
				SWIFT_DEFAULT_ACTOR_ISOLATION = MainActor;
				SWIFT_EMIT_LOC_STRINGS = YES;
				SWIFT_UPCOMING_FEATURE_MEMBER_IMPORT_VISIBILITY = YES;
				SWIFT_VERSION = 5.0;
				TARGETED_DEVICE_FAMILY = "1,2";
			};
			name = Debug;
		};
		306342802FAAD1A200F8EAE4 /* Release */ = {
			isa = XCBuildConfiguration;
			buildSettings = {
				ASSETCATALOG_COMPILER_APPICON_NAME = AppIcon;
				ASSETCATALOG_COMPILER_GLOBAL_ACCENT_COLOR_NAME = AccentColor;
				CODE_SIGN_STYLE = Automatic;
				CURRENT_PROJECT_VERSION = 1;
				ENABLE_PREVIEWS = YES;
				GENERATE_INFOPLIST_FILE = YES;
				INFOPLIST_KEY_NSAppTransportSecurity = "{NSAllowsLocalNetworking=YES;}";
				INFOPLIST_KEY_UIApplicationSceneManifest_Generation = YES;
				INFOPLIST_KEY_UIApplicationSupportsIndirectInputEvents = YES;
				INFOPLIST_KEY_UILaunchScreen_Generation = YES;
				INFOPLIST_KEY_UISupportedInterfaceOrientations_iPad = "UIInterfaceOrientationPortrait UIInterfaceOrientationPortraitUpsideDown UIInterfaceOrientationLandscapeLeft UIInterfaceOrientationLandscapeRight";
				INFOPLIST_KEY_UISupportedInterfaceOrientations_iPhone = "UIInterfaceOrientationPortrait UIInterfaceOrientationLandscapeLeft UIInterfaceOrientationLandscapeRight";
				LD_RUNPATH_SEARCH_PATHS = (
					"$(inherited)",
					"@executable_path/Frameworks",
				);
				MARKETING_VERSION = 1.0;
				PRODUCT_BUNDLE_IDENTIFIER = a.MusicTimelineApp;
				PRODUCT_NAME = "$(TARGET_NAME)";
				STRING_CATALOG_GENERATE_SYMBOLS = YES;
				SUPPORTED_PLATFORMS = "iphoneos iphonesimulator";
				SWIFT_APPROACHABLE_CONCURRENCY = YES;
				SWIFT_DEFAULT_ACTOR_ISOLATION = MainActor;
				SWIFT_EMIT_LOC_STRINGS = YES;
				SWIFT_UPCOMING_FEATURE_MEMBER_IMPORT_VISIBILITY = YES;
				SWIFT_VERSION = 5.0;
				TARGETED_DEVICE_FAMILY = "1,2";
			};
			name = Release;
		};
		306342822FAAD1A200F8EAE4 /* Debug */ = {
			isa = XCBuildConfiguration;
			buildSettings = {
				BUNDLE_LOADER = "$(TEST_HOST)";
				CODE_SIGN_STYLE = Automatic;
				CURRENT_PROJECT_VERSION = 1;
				GENERATE_INFOPLIST_FILE = YES;
				IPHONEOS_DEPLOYMENT_TARGET = 26.4;
				MARKETING_VERSION = 1.0;
				PRODUCT_BUNDLE_IDENTIFIER = a.MusicTimelineAppTests;
				PRODUCT_NAME = "$(TARGET_NAME)";
				STRING_CATALOG_GENERATE_SYMBOLS = NO;
				SWIFT_APPROACHABLE_CONCURRENCY = YES;
				SWIFT_EMIT_LOC_STRINGS = NO;
				SWIFT_UPCOMING_FEATURE_MEMBER_IMPORT_VISIBILITY = YES;
				SWIFT_VERSION = 5.0;
				TARGETED_DEVICE_FAMILY = "1,2";
				TEST_HOST = "$(BUILT_PRODUCTS_DIR)/MusicTimelineApp.app/$(BUNDLE_EXECUTABLE_FOLDER_PATH)/MusicTimelineApp";
			};
			name = Debug;
		};
		306342832FAAD1A200F8EAE4 /* Release */ = {
			isa = XCBuildConfiguration;
			buildSettings = {
				BUNDLE_LOADER = "$(TEST_HOST)";
				CODE_SIGN_STYLE = Automatic;
				CURRENT_PROJECT_VERSION = 1;
				GENERATE_INFOPLIST_FILE = YES;
				IPHONEOS_DEPLOYMENT_TARGET = 26.4;
				MARKETING_VERSION = 1.0;
				PRODUCT_BUNDLE_IDENTIFIER = a.MusicTimelineAppTests;
				PRODUCT_NAME = "$(TARGET_NAME)";
				STRING_CATALOG_GENERATE_SYMBOLS = NO;
				SWIFT_APPROACHABLE_CONCURRENCY = YES;
				SWIFT_EMIT_LOC_STRINGS = NO;
				SWIFT_UPCOMING_FEATURE_MEMBER_IMPORT_VISIBILITY = YES;
				SWIFT_VERSION = 5.0;
				TARGETED_DEVICE_FAMILY = "1,2";
				TEST_HOST = "$(BUILT_PRODUCTS_DIR)/MusicTimelineApp.app/$(BUNDLE_EXECUTABLE_FOLDER_PATH)/MusicTimelineApp";
			};
			name = Release;
		};
		306342852FAAD1A200F8EAE4 /* Debug */ = {
			isa = XCBuildConfiguration;
			buildSettings = {
				CODE_SIGN_STYLE = Automatic;
				CURRENT_PROJECT_VERSION = 1;
				GENERATE_INFOPLIST_FILE = YES;
				MARKETING_VERSION = 1.0;
				PRODUCT_BUNDLE_IDENTIFIER = a.MusicTimelineAppUITests;
				PRODUCT_NAME = "$(TARGET_NAME)";
				STRING_CATALOG_GENERATE_SYMBOLS = NO;
				SWIFT_APPROACHABLE_CONCURRENCY = YES;
				SWIFT_EMIT_LOC_STRINGS = NO;
				SWIFT_UPCOMING_FEATURE_MEMBER_IMPORT_VISIBILITY = YES;
				SWIFT_VERSION = 5.0;
				TARGETED_DEVICE_FAMILY = "1,2";
				TEST_TARGET_NAME = MusicTimelineApp;
			};
			name = Debug;
		};
		306342862FAAD1A200F8EAE4 /* Release */ = {
			isa = XCBuildConfiguration;
			buildSettings = {
				CODE_SIGN_STYLE = Automatic;
				CURRENT_PROJECT_VERSION = 1;
				GENERATE_INFOPLIST_FILE = YES;
				MARKETING_VERSION = 1.0;
				PRODUCT_BUNDLE_IDENTIFIER = a.MusicTimelineAppUITests;
				PRODUCT_NAME = "$(TARGET_NAME)";
				STRING_CATALOG_GENERATE_SYMBOLS = NO;
				SWIFT_APPROACHABLE_CONCURRENCY = YES;
				SWIFT_EMIT_LOC_STRINGS = NO;
				SWIFT_UPCOMING_FEATURE_MEMBER_IMPORT_VISIBILITY = YES;
				SWIFT_VERSION = 5.0;
				TARGETED_DEVICE_FAMILY = "1,2";
				TEST_TARGET_NAME = MusicTimelineApp;
			};
			name = Release;
		};
/* End XCBuildConfiguration section */

/* Begin XCConfigurationList section */
		306342562FAAD1A000F8EAE4 /* Build configuration list for PBXProject "MusicTimelineApp" */ = {
			isa = XCConfigurationList;
			buildConfigurations = (
				3063427C2FAAD1A200F8EAE4 /* Debug */,
				3063427D2FAAD1A200F8EAE4 /* Release */,
			);
			defaultConfigurationIsVisible = 0;
			defaultConfigurationName = Release;
		};
		3063427E2FAAD1A200F8EAE4 /* Build configuration list for PBXNativeTarget "MusicTimelineApp" */ = {
			isa = XCConfigurationList;
			buildConfigurations = (
				3063427F2FAAD1A200F8EAE4 /* Debug */,
				306342802FAAD1A200F8EAE4 /* Release */,
			);
			defaultConfigurationIsVisible = 0;
			defaultConfigurationName = Release;
		};
		306342812FAAD1A200F8EAE4 /* Build configuration list for PBXNativeTarget "MusicTimelineAppTests" */ = {
			isa = XCConfigurationList;
			buildConfigurations = (
				306342822FAAD1A200F8EAE4 /* Debug */,
				306342832FAAD1A200F8EAE4 /* Release */,
			);
			defaultConfigurationIsVisible = 0;
			defaultConfigurationName = Release;
		};
		306342842FAAD1A200F8EAE4 /* Build configuration list for PBXNativeTarget "MusicTimelineAppUITests" */ = {
			isa = XCConfigurationList;
			buildConfigurations = (
				306342852FAAD1A200F8EAE4 /* Debug */,
				306342862FAAD1A200F8EAE4 /* Release */,
			);
			defaultConfigurationIsVisible = 0;
			defaultConfigurationName = Release;
		};
/* End XCConfigurationList section */
	};
	rootObject = 306342532FAAD1A000F8EAE4 /* Project object */;
}
